
Microsoft Visual Studio Solution File, Format Version 12.00
Project("{FAE04EC0-301F-11D3-BF4B-00C04F79EFBC}") = "KeyGen", "KeyGen\KeyGen.csproj", "{B1FDCF38-EE11-43C9-9467-2BDB8C5194CF}"
EndProject
Project("{FAE04EC0-301F-11D3-BF4B-00C04F79EFBC}") = "Server", "Server\Server.csproj", "{3C3BAD6E-5CF4-465D-B1DE-B5B0646C77E9}"
EndProject
Global
	GlobalSection(SolutionConfigurationPlatforms) = preSolution
		Debug|Any CPU = Debug|Any CPU
		Release|Any CPU = Release|Any CPU
	EndGlobalSection
	GlobalSection(ProjectConfigurationPlatforms) = postSolution
		{B1FDCF38-EE11-43C9-9467-2BDB8C5194CF}.Debug|Any CPU.ActiveCfg = Debug|Any CPU
		{B1FDCF38-EE11-43C9-9467-2BDB8C5194CF}.Debug|Any CPU.Build.0 = Debug|Any CPU
		{B1FDCF38-EE11-43C9-9467-2BDB8C5194CF}.Release|Any CPU.ActiveCfg = Release|Any CPU
		{B1FDCF38-EE11-43C9-9467-2BDB8C5194CF}.Release|Any CPU.Build.0 = Release|Any CPU
		{3C3BAD6E-5CF4-465D-B1DE-B5B0646C77E9}.Debug|Any CPU.ActiveCfg = Debug|Any CPU
		{3C3BAD6E-5CF4-465D-B1DE-B5B0646C77E9}.Debug|Any CPU.Build.0 = Debug|Any CPU
		{3C3BAD6E-5CF4-465D-B1DE-B5B0646C77E9}.Release|Any CPU.ActiveCfg = Release|Any CPU
		{3C3BAD6E-5CF4-465D-B1DE-B5B0646C77E9}.Release|Any CPU.Build.0 = Release|Any CPU
	EndGlobalSection
EndGlobal
